{
  "nodes": {
    "network-compiler": {
      "inputs": {
        "nixpkgs": [
          "nixpkgs"
        ],
        "nixpkgs-network": "nixpkgs-network"
      },
      "locked": {
        "lastModified": 1772666433,
        "narHash": "sha256-MD0C6M0FuqaRHdgBGsbNmGeTXfPgZX1du5gQwaDi5aA=",
        "owner": "esp0xdeadbeef",
        "repo": "network-compiler",
        "rev": "4ec368e8429cccb8e045964ae7070fdcec43a7c8",
        "type": "github"
      },
      "original": {
        "owner": "esp0xdeadbeef",
        "repo": "network-compiler",
        "type": "github"
      }
    },
    "network-compiler_2": {
      "inputs": {
        "nixpkgs": [
          "network-solver",
          "nixpkgs"
        ],
        "nixpkgs-network": "nixpkgs-network_2"
      },
      "locked": {
        "lastModified": 1772666433,
        "narHash": "sha256-MD0C6M0FuqaRHdgBGsbNmGeTXfPgZX1du5gQwaDi5aA=",
        "owner": "esp0xdeadbeef",
        "repo": "network-compiler",
        "rev": "4ec368e8429cccb8e045964ae7070fdcec43a7c8",
        "type": "github"
      },
      "original": {
        "owner": "esp0xdeadbeef",
        "repo": "network-compiler",
        "type": "github"
      }
    },
    "network-solver": {
      "inputs": {
        "network-compiler": "network-compiler_2",
        "nixpkgs": [
          "nixpkgs"
        ],
        "nixpkgs-network": "nixpkgs-network_3"
      },
      "locked": {
        "lastModified": 1772667522,
        "narHash": "sha256-bwYBppgBTkSwOGULRyY5c8ghgGGSJHVyk02nHSUx+/Y=",
        "owner": "esp0xdeadbeef",
        "repo": "network-solver",
        "rev": "3663df5fefc66f25102f7f0abb1b4a6868805529",
        "type": "github"
      },
      "original": {
        "owner": "esp0xdeadbeef",
        "repo": "network-solver",
        "type": "github"
      }
    },
    "nixpkgs": {
      "locked": {
        "lastModified": 1772598333,
        "narHash": "sha256-YaHht/C35INEX3DeJQNWjNaTcPjYmBwwjFJ2jdtr+5U=",
        "owner": "NixOS",
        "repo": "nixpkgs",
        "rev": "fabb8c9deee281e50b1065002c9828f2cf7b2239",
        "type": "github"
      },
      "original": {
        "owner": "NixOS",
        "ref": "nixos-25.11",
        "repo": "nixpkgs",
        "type": "github"
      }
    },
    "nixpkgs-network": {
      "flake": false,
      "locked": {
        "lastModified": 1722112448,
        "narHash": "sha256-Ugp/K1wA7N0u0xE27YP/fvFaZqK9dYKSjJ/OoTdQ7rc=",
        "owner": "NixOS",
        "repo": "nixpkgs",
        "rev": "ac56c456ebe4901c561d3ebf1c98fbd970aea753",
        "type": "github"
      },
      "original": {
        "owner": "NixOS",
        "repo": "nixpkgs",
        "rev": "ac56c456ebe4901c561d3ebf1c98fbd970aea753",
        "type": "github"
      }
    },
    "nixpkgs-network_2": {
      "flake": false,
      "locked": {
        "lastModified": 1722112448,
        "narHash": "sha256-Ugp/K1wA7N0u0xE27YP/fvFaZqK9dYKSjJ/OoTdQ7rc=",
        "owner": "NixOS",
        "repo": "nixpkgs",
        "rev": "ac56c456ebe4901c561d3ebf1c98fbd970aea753",
        "type": "github"
      },
      "original": {
        "owner": "NixOS",
        "repo": "nixpkgs",
        "rev": "ac56c456ebe4901c561d3ebf1c98fbd970aea753",
        "type": "github"
      }
    },
    "nixpkgs-network_3": {
      "locked": {
        "lastModified": 1722112448,
        "narHash": "sha256-Ugp/K1wA7N0u0xE27YP/fvFaZqK9dYKSjJ/OoTdQ7rc=",
        "owner": "NixOS",
        "repo": "nixpkgs",
        "rev": "ac56c456ebe4901c561d3ebf1c98fbd970aea753",
        "type": "github"
      },
      "original": {
        "owner": "NixOS",
        "repo": "nixpkgs",
        "rev": "ac56c456ebe4901c561d3ebf1c98fbd970aea753",
        "type": "github"
      }
    },
    "root": {
      "inputs": {
        "network-compiler": "network-compiler",
        "network-solver": "network-solver",
        "nixpkgs": "nixpkgs"
      }
    }
  },
  "root": "root",
  "version": 7
}
