{
  "nodes": {
    "network-compiler": {
      "inputs": {
        "nixpkgs": [
          "nixpkgs"
        ],
        "nixpkgs-network": "nixpkgs-network"
      },
      "locked": {
        "lastModified": 1772242629,
        "narHash": "sha256-5e6BBH2eYpX9TOkqK6YxaGLPueZ05Od1PViV7FbPZuM=",
        "owner": "esp0xdeadbeef",
        "repo": "network-compiler",
        "rev": "3ddf3b4668c885d57162b4785b9b1830f4b426c5",
        "type": "github"
      },
      "original": {
        "owner": "esp0xdeadbeef",
        "repo": "network-compiler",
        "type": "github"
      }
    },
    "network-compiler_2": {
      "inputs": {
        "nixpkgs": [
          "network-solver",
          "nixpkgs"
        ],
        "nixpkgs-network": "nixpkgs-network_2"
      },
      "locked": {
        "lastModified": 1772242629,
        "narHash": "sha256-5e6BBH2eYpX9TOkqK6YxaGLPueZ05Od1PViV7FbPZuM=",
        "owner": "esp0xdeadbeef",
        "repo": "network-compiler",
        "rev": "3ddf3b4668c885d57162b4785b9b1830f4b426c5",
        "type": "github"
      },
      "original": {
        "owner": "esp0xdeadbeef",
        "repo": "network-compiler",
        "type": "github"
      }
    },
    "network-solver": {
      "inputs": {
        "network-compiler": "network-compiler_2",
        "nixpkgs": [
          "nixpkgs"
        ],
        "nixpkgs-network": "nixpkgs-network_3"
      },
      "locked": {
        "lastModified": 1772245705,
        "narHash": "sha256-CpQVUdAxXFYoR/OjltuHXHre3x4opCQmxudd7E7epQE=",
        "owner": "esp0xdeadbeef",
        "repo": "network-solver",
        "rev": "5ae8b9ab41dac85992a696b58e545e40895c37d2",
        "type": "github"
      },
      "original": {
        "owner": "esp0xdeadbeef",
        "repo": "network-solver",
        "type": "github"
      }
    },
    "nixpkgs": {
      "locked": {
        "lastModified": 1772047000,
        "narHash": "sha256-7DaQVv4R97cii/Qdfy4tmDZMB2xxtyIvNGSwXBBhSmo=",
        "owner": "NixOS",
        "repo": "nixpkgs",
        "rev": "1267bb4920d0fc06ea916734c11b0bf004bbe17e",
        "type": "github"
      },
      "original": {
        "owner": "NixOS",
        "ref": "nixos-25.11",
        "repo": "nixpkgs",
        "type": "github"
      }
    },
    "nixpkgs-network": {
      "flake": false,
      "locked": {
        "lastModified": 1722112448,
        "narHash": "sha256-Ugp/K1wA7N0u0xE27YP/fvFaZqK9dYKSjJ/OoTdQ7rc=",
        "owner": "NixOS",
        "repo": "nixpkgs",
        "rev": "ac56c456ebe4901c561d3ebf1c98fbd970aea753",
        "type": "github"
      },
      "original": {
        "owner": "NixOS",
        "repo": "nixpkgs",
        "rev": "ac56c456ebe4901c561d3ebf1c98fbd970aea753",
        "type": "github"
      }
    },
    "nixpkgs-network_2": {
      "flake": false,
      "locked": {
        "lastModified": 1722112448,
        "narHash": "sha256-Ugp/K1wA7N0u0xE27YP/fvFaZqK9dYKSjJ/OoTdQ7rc=",
        "owner": "NixOS",
        "repo": "nixpkgs",
        "rev": "ac56c456ebe4901c561d3ebf1c98fbd970aea753",
        "type": "github"
      },
      "original": {
        "owner": "NixOS",
        "repo": "nixpkgs",
        "rev": "ac56c456ebe4901c561d3ebf1c98fbd970aea753",
        "type": "github"
      }
    },
    "nixpkgs-network_3": {
      "locked": {
        "lastModified": 1722112448,
        "narHash": "sha256-Ugp/K1wA7N0u0xE27YP/fvFaZqK9dYKSjJ/OoTdQ7rc=",
        "owner": "NixOS",
        "repo": "nixpkgs",
        "rev": "ac56c456ebe4901c561d3ebf1c98fbd970aea753",
        "type": "github"
      },
      "original": {
        "owner": "NixOS",
        "repo": "nixpkgs",
        "rev": "ac56c456ebe4901c561d3ebf1c98fbd970aea753",
        "type": "github"
      }
    },
    "root": {
      "inputs": {
        "network-compiler": "network-compiler",
        "network-solver": "network-solver",
        "nixpkgs": "nixpkgs"
      }
    }
  },
  "root": "root",
  "version": 7
}
